
Microsoft Visual Studio Solution File, Format Version 12.00
# Visual Studio Version 17
VisualStudioVersion = 17.4.33213.308
MinimumVisualStudioVersion = 10.0.40219.1
Project("{FAE04EC0-301F-11D3-BF4B-00C04F79EFBC}") = "Passaparola_Projesi", "Passaparola_Projesi.csproj", "{5A00E17D-5800-40D7-8EC2-9EC7640F146A}"
EndProject
Global
	GlobalSection(SolutionConfigurationPlatforms) = preSolution
		Debug|Any CPU = Debug|Any CPU
		Release|Any CPU = Release|Any CPU
	EndGlobalSection
	GlobalSection(ProjectConfigurationPlatforms) = postSolution
		{5A00E17D-5800-40D7-8EC2-9EC7640F146A}.Debug|Any CPU.ActiveCfg = Debug|Any CPU
		{5A00E17D-5800-40D7-8EC2-9EC7640F146A}.Debug|Any CPU.Build.0 = Debug|Any CPU
		{5A00E17D-5800-40D7-8EC2-9EC7640F146A}.Release|Any CPU.ActiveCfg = Release|Any CPU
		{5A00E17D-5800-40D7-8EC2-9EC7640F146A}.Release|Any CPU.Build.0 = Release|Any CPU
	EndGlobalSection
	GlobalSection(SolutionProperties) = preSolution
		HideSolutionNode = FALSE
	EndGlobalSection
	GlobalSection(ExtensibilityGlobals) = postSolution
		SolutionGuid = {90C50C94-3F53-4346-B9C5-696517460B73}
	EndGlobalSection
EndGlobal
