
Microsoft Visual Studio Solution File, Format Version 12.00
# Visual Studio Version 17
VisualStudioVersion = 17.5.33414.496
MinimumVisualStudioVersion = 10.0.40219.1
Project("{FAE04EC0-301F-11D3-BF4B-00C04F79EFBC}") = "İlişkili_Tablo_Projesi_Test", "İlişkili_Tablo_Projesi_Test.csproj", "{B9B35A8F-58EA-43D1-BFBE-9D3715193EDA}"
EndProject
Global
	GlobalSection(SolutionConfigurationPlatforms) = preSolution
		Debug|Any CPU = Debug|Any CPU
		Release|Any CPU = Release|Any CPU
	EndGlobalSection
	GlobalSection(ProjectConfigurationPlatforms) = postSolution
		{B9B35A8F-58EA-43D1-BFBE-9D3715193EDA}.Debug|Any CPU.ActiveCfg = Debug|Any CPU
		{B9B35A8F-58EA-43D1-BFBE-9D3715193EDA}.Debug|Any CPU.Build.0 = Debug|Any CPU
		{B9B35A8F-58EA-43D1-BFBE-9D3715193EDA}.Release|Any CPU.ActiveCfg = Release|Any CPU
		{B9B35A8F-58EA-43D1-BFBE-9D3715193EDA}.Release|Any CPU.Build.0 = Release|Any CPU
	EndGlobalSection
	GlobalSection(SolutionProperties) = preSolution
		HideSolutionNode = FALSE
	EndGlobalSection
	GlobalSection(ExtensibilityGlobals) = postSolution
		SolutionGuid = {FBAB611F-45A9-44D9-8568-3FBF11B1BD5B}
	EndGlobalSection
EndGlobal
