
Microsoft Visual Studio Solution File, Format Version 12.00
# Visual Studio Version 17
VisualStudioVersion = 17.4.33213.308
MinimumVisualStudioVersion = 10.0.40219.1
Project("{FAE04EC0-301F-11D3-BF4B-00C04F79EFBC}") = "Doviz_Ofisi", "Doviz_Ofisi.csproj", "{855FA23C-291C-4CAE-8225-FEEEF22539AD}"
EndProject
Global
	GlobalSection(SolutionConfigurationPlatforms) = preSolution
		Debug|Any CPU = Debug|Any CPU
		Release|Any CPU = Release|Any CPU
	EndGlobalSection
	GlobalSection(ProjectConfigurationPlatforms) = postSolution
		{855FA23C-291C-4CAE-8225-FEEEF22539AD}.Debug|Any CPU.ActiveCfg = Debug|Any CPU
		{855FA23C-291C-4CAE-8225-FEEEF22539AD}.Debug|Any CPU.Build.0 = Debug|Any CPU
		{855FA23C-291C-4CAE-8225-FEEEF22539AD}.Release|Any CPU.ActiveCfg = Release|Any CPU
		{855FA23C-291C-4CAE-8225-FEEEF22539AD}.Release|Any CPU.Build.0 = Release|Any CPU
	EndGlobalSection
	GlobalSection(SolutionProperties) = preSolution
		HideSolutionNode = FALSE
	EndGlobalSection
	GlobalSection(ExtensibilityGlobals) = postSolution
		SolutionGuid = {AB182B50-D4FE-4193-B582-897BACF78D02}
	EndGlobalSection
EndGlobal
